
Microsoft Visual Studio Solution File, Format Version 12.00
# Visual Studio 15
VisualStudioVersion = 15.0.27703.2047
MinimumVisualStudioVersion = 10.0.40219.1
Project("{9A19103F-16F7-4668-BE54-9A1E7A4F7556}") = "SudokuSolution", "SudokuSolution\SudokuSolution.csproj", "{193B27EE-DF45-44F5-AD26-B774C331C118}"
EndProject
Project("{FAE04EC0-301F-11D3-BF4B-00C04F79EFBC}") = "SudukoTest", "SudukoTest\SudukoTest.csproj", "{DAC60B19-03DC-4DA5-AABC-384CCF0DA03F}"
EndProject
Global
	GlobalSection(SolutionConfigurationPlatforms) = preSolution
		Debug|Any CPU = Debug|Any CPU
		Release|Any CPU = Release|Any CPU
	EndGlobalSection
	GlobalSection(ProjectConfigurationPlatforms) = postSolution
		{193B27EE-DF45-44F5-AD26-B774C331C118}.Debug|Any CPU.ActiveCfg = Debug|Any CPU
		{193B27EE-DF45-44F5-AD26-B774C331C118}.Debug|Any CPU.Build.0 = Debug|Any CPU
		{193B27EE-DF45-44F5-AD26-B774C331C118}.Release|Any CPU.ActiveCfg = Release|Any CPU
		{193B27EE-DF45-44F5-AD26-B774C331C118}.Release|Any CPU.Build.0 = Release|Any CPU
		{DAC60B19-03DC-4DA5-AABC-384CCF0DA03F}.Debug|Any CPU.ActiveCfg = Debug|Any CPU
		{DAC60B19-03DC-4DA5-AABC-384CCF0DA03F}.Debug|Any CPU.Build.0 = Debug|Any CPU
		{DAC60B19-03DC-4DA5-AABC-384CCF0DA03F}.Release|Any CPU.ActiveCfg = Release|Any CPU
		{DAC60B19-03DC-4DA5-AABC-384CCF0DA03F}.Release|Any CPU.Build.0 = Release|Any CPU
	EndGlobalSection
	GlobalSection(SolutionProperties) = preSolution
		HideSolutionNode = FALSE
	EndGlobalSection
	GlobalSection(ExtensibilityGlobals) = postSolution
		SolutionGuid = {199422E4-EB53-4697-9826-503E88FF9116}
	EndGlobalSection
EndGlobal
